// !$*UTF8*$!
{
	archiveVersion = 1;
	classes = {
	};
	objectVersion = 56;
	objects = {

/* Begin PBXBuildFile section */
		9A147A8E29951D4F00859021 /* MyVisitedPlaceView.swift in Sources */ = {isa = PBXBuildFile; fileRef = 9A147A8D29951D4F00859021 /* MyVisitedPlaceView.swift */; };
		9A147A9029951D6C00859021 /* AddNewVisitedPlaceView.swift in Sources */ = {isa = PBXBuildFile; fileRef = 9A147A8F29951D6C00859021 /* AddNewVisitedPlaceView.swift */; };
		9A147A9229951E3A00859021 /* Place.swift in Sources */ = {isa = PBXBuildFile; fileRef = 9A147A9129951E3A00859021 /* Place.swift */; };
		9A147A9529951EAE00859021 /* PlaceSave.swift in Sources */ = {isa = PBXBuildFile; fileRef = 9A147A9429951EAE00859021 /* PlaceSave.swift */; };
		9A147A9729951ED600859021 /* DataPlaceController.swift in Sources */ = {isa = PBXBuildFile; fileRef = 9A147A9629951ED600859021 /* DataPlaceController.swift */; };
		9A147A9E2995207A00859021 /* CoreDataCity+CoreDataClass.swift in Sources */ = {isa = PBXBuildFile; fileRef = 9A147A982995207A00859021 /* CoreDataCity+CoreDataClass.swift */; };
		9A147A9F2995207A00859021 /* CoreDataCity+CoreDataProperties.swift in Sources */ = {isa = PBXBuildFile; fileRef = 9A147A992995207A00859021 /* CoreDataCity+CoreDataProperties.swift */; };
		9A147AA02995207A00859021 /* CoreDataCountry+CoreDataClass.swift in Sources */ = {isa = PBXBuildFile; fileRef = 9A147A9A2995207A00859021 /* CoreDataCountry+CoreDataClass.swift */; };
		9A147AA12995207A00859021 /* CoreDataCountry+CoreDataProperties.swift in Sources */ = {isa = PBXBuildFile; fileRef = 9A147A9B2995207A00859021 /* CoreDataCountry+CoreDataProperties.swift */; };
		9A147AA22995207A00859021 /* CoreDataPlace+CoreDataClass.swift in Sources */ = {isa = PBXBuildFile; fileRef = 9A147A9C2995207A00859021 /* CoreDataPlace+CoreDataClass.swift */; };
		9A147AA32995207A00859021 /* CoreDataPlace+CoreDataProperties.swift in Sources */ = {isa = PBXBuildFile; fileRef = 9A147A9D2995207A00859021 /* CoreDataPlace+CoreDataProperties.swift */; };
		9A147AA629955F1700859021 /* MapModel.swift in Sources */ = {isa = PBXBuildFile; fileRef = 9A147AA529955F1700859021 /* MapModel.swift */; };
		9A147AA82995640700859021 /* ContentViewMap.swift in Sources */ = {isa = PBXBuildFile; fileRef = 9A147AA72995640700859021 /* ContentViewMap.swift */; };
		9A7EA31A299687AB00D8DE52 /* CountryModule.swift in Sources */ = {isa = PBXBuildFile; fileRef = 9A7EA319299687AB00D8DE52 /* CountryModule.swift */; };
		9A80B99A2997C14D00970B40 /* EditNewVisitedCountryView.swift in Sources */ = {isa = PBXBuildFile; fileRef = 9A80B9992997C14D00970B40 /* EditNewVisitedCountryView.swift */; };
		9A80B99F2997C93D00970B40 /* EditNewVisitedCityView.swift in Sources */ = {isa = PBXBuildFile; fileRef = 9A80B99E2997C93D00970B40 /* EditNewVisitedCityView.swift */; };
		9A80B9A12997C9D000970B40 /* EditNewVisitedPlaceView.swift in Sources */ = {isa = PBXBuildFile; fileRef = 9A80B9A02997C9D000970B40 /* EditNewVisitedPlaceView.swift */; };
		9A80B9A3299913F500970B40 /* CountryWantToVisit.swift in Sources */ = {isa = PBXBuildFile; fileRef = 9A80B9A2299913F500970B40 /* CountryWantToVisit.swift */; };
		9A80B9A52999145100970B40 /* CityWantToVisit.swift in Sources */ = {isa = PBXBuildFile; fileRef = 9A80B9A42999145100970B40 /* CityWantToVisit.swift */; };
		9A80B9A72999146600970B40 /* PlaceWantToVisit.swift in Sources */ = {isa = PBXBuildFile; fileRef = 9A80B9A62999146600970B40 /* PlaceWantToVisit.swift */; };
		9A80B9AE29991A4F00970B40 /* CountrySaveWant.swift in Sources */ = {isa = PBXBuildFile; fileRef = 9A80B9AD29991A4F00970B40 /* CountrySaveWant.swift */; };
		9A80B9B029991A7400970B40 /* DataCountryWantController.swift in Sources */ = {isa = PBXBuildFile; fileRef = 9A80B9AF29991A7400970B40 /* DataCountryWantController.swift */; };
		9A80B9B229991AF100970B40 /* CitySaveWant.swift in Sources */ = {isa = PBXBuildFile; fileRef = 9A80B9B129991AF100970B40 /* CitySaveWant.swift */; };
		9A80B9B629991B8500970B40 /* PlaceSaveWant.swift in Sources */ = {isa = PBXBuildFile; fileRef = 9A80B9B529991B8500970B40 /* PlaceSaveWant.swift */; };
		9A80B9B829991BB000970B40 /* DataPlaceWantController.swift in Sources */ = {isa = PBXBuildFile; fileRef = 9A80B9B729991BB000970B40 /* DataPlaceWantController.swift */; };
		9A80B9BA29991D8C00970B40 /* DataCityWantController.swift in Sources */ = {isa = PBXBuildFile; fileRef = 9A80B9B929991D8C00970B40 /* DataCityWantController.swift */; };
		9A80B9BE299927AF00970B40 /* AddCityWantToVisitView.swift in Sources */ = {isa = PBXBuildFile; fileRef = 9A80B9BD299927AF00970B40 /* AddCityWantToVisitView.swift */; };
		9A80B9C12999408900970B40 /* AddPlaceWantToVisitView.swift in Sources */ = {isa = PBXBuildFile; fileRef = 9A80B9C02999408900970B40 /* AddPlaceWantToVisitView.swift */; };
		9AA22787298AB9EE001A4984 /* YourTrailAroundEarthApp.swift in Sources */ = {isa = PBXBuildFile; fileRef = 9AA22786298AB9EE001A4984 /* YourTrailAroundEarthApp.swift */; };
		9AA22789298AB9EE001A4984 /* ContentView.swift in Sources */ = {isa = PBXBuildFile; fileRef = 9AA22788298AB9EE001A4984 /* ContentView.swift */; };
		9AA2278B298AB9F0001A4984 /* Assets.xcassets in Resources */ = {isa = PBXBuildFile; fileRef = 9AA2278A298AB9F0001A4984 /* Assets.xcassets */; };
		9AA2278E298AB9F0001A4984 /* Preview Assets.xcassets in Resources */ = {isa = PBXBuildFile; fileRef = 9AA2278D298AB9F0001A4984 /* Preview Assets.xcassets */; };
		9AA22795298ABD1E001A4984 /* FeedView.swift in Sources */ = {isa = PBXBuildFile; fileRef = 9AA22794298ABD1E001A4984 /* FeedView.swift */; };
		9AA22797298ABD41001A4984 /* ProfileView.swift in Sources */ = {isa = PBXBuildFile; fileRef = 9AA22796298ABD41001A4984 /* ProfileView.swift */; };
		9AA22799298ABD8D001A4984 /* MyVisetedPlaceView.swift in Sources */ = {isa = PBXBuildFile; fileRef = 9AA22798298ABD8D001A4984 /* MyVisetedPlaceView.swift */; };
		9AA2279B298ABDC0001A4984 /* WantToVisiteView.swift in Sources */ = {isa = PBXBuildFile; fileRef = 9AA2279A298ABDC0001A4984 /* WantToVisiteView.swift */; };
		9AA2279D298AD51B001A4984 /* EditProfileView.swift in Sources */ = {isa = PBXBuildFile; fileRef = 9AA2279C298AD51B001A4984 /* EditProfileView.swift */; };
		9AA2279F298C1BDC001A4984 /* AddCountryWantToVisitView.swift in Sources */ = {isa = PBXBuildFile; fileRef = 9AA2279E298C1BDB001A4984 /* AddCountryWantToVisitView.swift */; };
		9AA227A4298C2BC2001A4984 /* AddCountryWantToVisitViewModel.swift in Sources */ = {isa = PBXBuildFile; fileRef = 9AA227A3298C2BC2001A4984 /* AddCountryWantToVisitViewModel.swift */; };
		9AA227A6298D4E19001A4984 /* CountryWantToVisitView.swift in Sources */ = {isa = PBXBuildFile; fileRef = 9AA227A5298D4E19001A4984 /* CountryWantToVisitView.swift */; };
		9AA227A8298D4ECA001A4984 /* CityWantToVisitView.swift in Sources */ = {isa = PBXBuildFile; fileRef = 9AA227A7298D4ECA001A4984 /* CityWantToVisitView.swift */; };
		9AA227AA298D4EE2001A4984 /* PlaceWantToVisitView.swift in Sources */ = {isa = PBXBuildFile; fileRef = 9AA227A9298D4EE1001A4984 /* PlaceWantToVisitView.swift */; };
		9AA227AE298D6284001A4984 /* TestView.swift in Sources */ = {isa = PBXBuildFile; fileRef = 9AA227AD298D6284001A4984 /* TestView.swift */; };
		9AA227B1298D6BFB001A4984 /* MapView.swift in Sources */ = {isa = PBXBuildFile; fileRef = 9AA227B0298D6BFB001A4984 /* MapView.swift */; };
		9AA227B4298D6FCD001A4984 /* LocationManager.swift in Sources */ = {isa = PBXBuildFile; fileRef = 9AA227B3298D6FCD001A4984 /* LocationManager.swift */; };
		9AA227B7298D78EC001A4984 /* Landmark.swift in Sources */ = {isa = PBXBuildFile; fileRef = 9AA227B6298D78EC001A4984 /* Landmark.swift */; };
		9AA227B9298D79BC001A4984 /* LandmarkAnnotation.swift in Sources */ = {isa = PBXBuildFile; fileRef = 9AA227B8298D79BC001A4984 /* LandmarkAnnotation.swift */; };
		9AA227BD298D7E66001A4984 /* PlaceListView.swift in Sources */ = {isa = PBXBuildFile; fileRef = 9AA227BC298D7E65001A4984 /* PlaceListView.swift */; };
		9AA227C1298E98B0001A4984 /* Country.swift in Sources */ = {isa = PBXBuildFile; fileRef = 9AA227C0298E98B0001A4984 /* Country.swift */; };
		9AA227C5298E9A6F001A4984 /* CountryModel.xcdatamodeld in Sources */ = {isa = PBXBuildFile; fileRef = 9AA227C3298E9A6F001A4984 /* CountryModel.xcdatamodeld */; };
		9AA227C7298E9B7F001A4984 /* DataCountryController.swift in Sources */ = {isa = PBXBuildFile; fileRef = 9AA227C6298E9B7F001A4984 /* DataCountryController.swift */; };
		9AA227C9298E9BE8001A4984 /* CountrySave.swift in Sources */ = {isa = PBXBuildFile; fileRef = 9AA227C8298E9BE8001A4984 /* CountrySave.swift */; };
		9AA227CB298EA0C6001A4984 /* AddNewVisitedCountryView.swift in Sources */ = {isa = PBXBuildFile; fileRef = 9AA227CA298EA0C6001A4984 /* AddNewVisitedCountryView.swift */; };
		9AB480B72990399C00B035FA /* MyVisitedCityView.swift in Sources */ = {isa = PBXBuildFile; fileRef = 9AB480B62990399C00B035FA /* MyVisitedCityView.swift */; };
		9AB480BB299042B300B035FA /* AddNewVisitedCityView.swift in Sources */ = {isa = PBXBuildFile; fileRef = 9AB480BA299042B300B035FA /* AddNewVisitedCityView.swift */; };
		9AB480CE29913CC100B035FA /* City.swift in Sources */ = {isa = PBXBuildFile; fileRef = 9AB480CD29913CC100B035FA /* City.swift */; };
		9AB480D82991441600B035FA /* CitySave.swift in Sources */ = {isa = PBXBuildFile; fileRef = 9AB480D72991441600B035FA /* CitySave.swift */; };
		9AB480DA2991445000B035FA /* DataCityController.swift in Sources */ = {isa = PBXBuildFile; fileRef = 9AB480D92991445000B035FA /* DataCityController.swift */; };
/* End PBXBuildFile section */

/* Begin PBXFileReference section */
		9A147A8D29951D4F00859021 /* MyVisitedPlaceView.swift */ = {isa = PBXFileReference; lastKnownFileType = sourcecode.swift; path = MyVisitedPlaceView.swift; sourceTree = "<group>"; };
		9A147A8F29951D6C00859021 /* AddNewVisitedPlaceView.swift */ = {isa = PBXFileReference; lastKnownFileType = sourcecode.swift; path = AddNewVisitedPlaceView.swift; sourceTree = "<group>"; };
		9A147A9129951E3A00859021 /* Place.swift */ = {isa = PBXFileReference; lastKnownFileType = sourcecode.swift; path = Place.swift; sourceTree = "<group>"; };
		9A147A9429951EAE00859021 /* PlaceSave.swift */ = {isa = PBXFileReference; lastKnownFileType = sourcecode.swift; path = PlaceSave.swift; sourceTree = "<group>"; };
		9A147A9629951ED600859021 /* DataPlaceController.swift */ = {isa = PBXFileReference; lastKnownFileType = sourcecode.swift; path = DataPlaceController.swift; sourceTree = "<group>"; };
		9A147A982995207A00859021 /* CoreDataCity+CoreDataClass.swift */ = {isa = PBXFileReference; lastKnownFileType = sourcecode.swift; name = "CoreDataCity+CoreDataClass.swift"; path = "YourTrailAroundEarth/Data/City/CoreDataCity+CoreDataClass.swift"; sourceTree = SOURCE_ROOT; };
		9A147A992995207A00859021 /* CoreDataCity+CoreDataProperties.swift */ = {isa = PBXFileReference; lastKnownFileType = sourcecode.swift; name = "CoreDataCity+CoreDataProperties.swift"; path = "YourTrailAroundEarth/Data/City/CoreDataCity+CoreDataProperties.swift"; sourceTree = SOURCE_ROOT; };
		9A147A9A2995207A00859021 /* CoreDataCountry+CoreDataClass.swift */ = {isa = PBXFileReference; lastKnownFileType = sourcecode.swift; name = "CoreDataCountry+CoreDataClass.swift"; path = "YourTrailAroundEarth/Data/Country/CoreDataCountry+CoreDataClass.swift"; sourceTree = SOURCE_ROOT; };
		9A147A9B2995207A00859021 /* CoreDataCountry+CoreDataProperties.swift */ = {isa = PBXFileReference; lastKnownFileType = sourcecode.swift; name = "CoreDataCountry+CoreDataProperties.swift"; path = "YourTrailAroundEarth/Data/Country/CoreDataCountry+CoreDataProperties.swift"; sourceTree = SOURCE_ROOT; };
		9A147A9C2995207A00859021 /* CoreDataPlace+CoreDataClass.swift */ = {isa = PBXFileReference; lastKnownFileType = sourcecode.swift; name = "CoreDataPlace+CoreDataClass.swift"; path = "YourTrailAroundEarth/Data/Place/CoreDataPlace+CoreDataClass.swift"; sourceTree = SOURCE_ROOT; };
		9A147A9D2995207A00859021 /* CoreDataPlace+CoreDataProperties.swift */ = {isa = PBXFileReference; lastKnownFileType = sourcecode.swift; name = "CoreDataPlace+CoreDataProperties.swift"; path = "YourTrailAroundEarth/Data/Place/CoreDataPlace+CoreDataProperties.swift"; sourceTree = SOURCE_ROOT; };
		9A147AA529955F1700859021 /* MapModel.swift */ = {isa = PBXFileReference; lastKnownFileType = sourcecode.swift; path = MapModel.swift; sourceTree = "<group>"; };
		9A147AA72995640700859021 /* ContentViewMap.swift */ = {isa = PBXFileReference; lastKnownFileType = sourcecode.swift; path = ContentViewMap.swift; sourceTree = "<group>"; };
		9A7EA319299687AB00D8DE52 /* CountryModule.swift */ = {isa = PBXFileReference; lastKnownFileType = sourcecode.swift; path = CountryModule.swift; sourceTree = "<group>"; };
		9A80B9992997C14D00970B40 /* EditNewVisitedCountryView.swift */ = {isa = PBXFileReference; lastKnownFileType = sourcecode.swift; path = EditNewVisitedCountryView.swift; sourceTree = "<group>"; };
		9A80B99E2997C93D00970B40 /* EditNewVisitedCityView.swift */ = {isa = PBXFileReference; lastKnownFileType = sourcecode.swift; path = EditNewVisitedCityView.swift; sourceTree = "<group>"; };
		9A80B9A02997C9D000970B40 /* EditNewVisitedPlaceView.swift */ = {isa = PBXFileReference; lastKnownFileType = sourcecode.swift; path = EditNewVisitedPlaceView.swift; sourceTree = "<group>"; };
		9A80B9A2299913F500970B40 /* CountryWantToVisit.swift */ = {isa = PBXFileReference; lastKnownFileType = sourcecode.swift; path = CountryWantToVisit.swift; sourceTree = "<group>"; };
		9A80B9A42999145100970B40 /* CityWantToVisit.swift */ = {isa = PBXFileReference; lastKnownFileType = sourcecode.swift; path = CityWantToVisit.swift; sourceTree = "<group>"; };
		9A80B9A62999146600970B40 /* PlaceWantToVisit.swift */ = {isa = PBXFileReference; lastKnownFileType = sourcecode.swift; path = PlaceWantToVisit.swift; sourceTree = "<group>"; };
		9A80B9AD29991A4F00970B40 /* CountrySaveWant.swift */ = {isa = PBXFileReference; lastKnownFileType = sourcecode.swift; path = CountrySaveWant.swift; sourceTree = "<group>"; };
		9A80B9AF29991A7400970B40 /* DataCountryWantController.swift */ = {isa = PBXFileReference; lastKnownFileType = sourcecode.swift; path = DataCountryWantController.swift; sourceTree = "<group>"; };
		9A80B9B129991AF100970B40 /* CitySaveWant.swift */ = {isa = PBXFileReference; lastKnownFileType = sourcecode.swift; path = CitySaveWant.swift; sourceTree = "<group>"; };
		9A80B9B529991B8500970B40 /* PlaceSaveWant.swift */ = {isa = PBXFileReference; lastKnownFileType = sourcecode.swift; path = PlaceSaveWant.swift; sourceTree = "<group>"; };
		9A80B9B729991BB000970B40 /* DataPlaceWantController.swift */ = {isa = PBXFileReference; lastKnownFileType = sourcecode.swift; path = DataPlaceWantController.swift; sourceTree = "<group>"; };
		9A80B9B929991D8C00970B40 /* DataCityWantController.swift */ = {isa = PBXFileReference; lastKnownFileType = sourcecode.swift; path = DataCityWantController.swift; sourceTree = "<group>"; };
		9A80B9BD299927AF00970B40 /* AddCityWantToVisitView.swift */ = {isa = PBXFileReference; lastKnownFileType = sourcecode.swift; path = AddCityWantToVisitView.swift; sourceTree = "<group>"; };
		9A80B9C02999408900970B40 /* AddPlaceWantToVisitView.swift */ = {isa = PBXFileReference; lastKnownFileType = sourcecode.swift; path = AddPlaceWantToVisitView.swift; sourceTree = "<group>"; };
		9AA22783298AB9EE001A4984 /* YourTrailAroundEarth.app */ = {isa = PBXFileReference; explicitFileType = wrapper.application; includeInIndex = 0; path = YourTrailAroundEarth.app; sourceTree = BUILT_PRODUCTS_DIR; };
		9AA22786298AB9EE001A4984 /* YourTrailAroundEarthApp.swift */ = {isa = PBXFileReference; lastKnownFileType = sourcecode.swift; path = YourTrailAroundEarthApp.swift; sourceTree = "<group>"; };
		9AA22788298AB9EE001A4984 /* ContentView.swift */ = {isa = PBXFileReference; lastKnownFileType = sourcecode.swift; path = ContentView.swift; sourceTree = "<group>"; };
		9AA2278A298AB9F0001A4984 /* Assets.xcassets */ = {isa = PBXFileReference; lastKnownFileType = folder.assetcatalog; path = Assets.xcassets; sourceTree = "<group>"; };
		9AA2278D298AB9F0001A4984 /* Preview Assets.xcassets */ = {isa = PBXFileReference; lastKnownFileType = folder.assetcatalog; path = "Preview Assets.xcassets"; sourceTree = "<group>"; };
		9AA22794298ABD1E001A4984 /* FeedView.swift */ = {isa = PBXFileReference; lastKnownFileType = sourcecode.swift; path = FeedView.swift; sourceTree = "<group>"; };
		9AA22796298ABD41001A4984 /* ProfileView.swift */ = {isa = PBXFileReference; lastKnownFileType = sourcecode.swift; path = ProfileView.swift; sourceTree = "<group>"; };
		9AA22798298ABD8D001A4984 /* MyVisetedPlaceView.swift */ = {isa = PBXFileReference; lastKnownFileType = sourcecode.swift; path = MyVisetedPlaceView.swift; sourceTree = "<group>"; };
		9AA2279A298ABDC0001A4984 /* WantToVisiteView.swift */ = {isa = PBXFileReference; lastKnownFileType = sourcecode.swift; path = WantToVisiteView.swift; sourceTree = "<group>"; };
		9AA2279C298AD51B001A4984 /* EditProfileView.swift */ = {isa = PBXFileReference; lastKnownFileType = sourcecode.swift; path = EditProfileView.swift; sourceTree = "<group>"; };
		9AA2279E298C1BDB001A4984 /* AddCountryWantToVisitView.swift */ = {isa = PBXFileReference; lastKnownFileType = sourcecode.swift; path = AddCountryWantToVisitView.swift; sourceTree = "<group>"; };
		9AA227A3298C2BC2001A4984 /* AddCountryWantToVisitViewModel.swift */ = {isa = PBXFileReference; lastKnownFileType = sourcecode.swift; path = AddCountryWantToVisitViewModel.swift; sourceTree = "<group>"; };
		9AA227A5298D4E19001A4984 /* CountryWantToVisitView.swift */ = {isa = PBXFileReference; lastKnownFileType = sourcecode.swift; path = CountryWantToVisitView.swift; sourceTree = "<group>"; };
		9AA227A7298D4ECA001A4984 /* CityWantToVisitView.swift */ = {isa = PBXFileReference; lastKnownFileType = sourcecode.swift; path = CityWantToVisitView.swift; sourceTree = "<group>"; };
		9AA227A9298D4EE1001A4984 /* PlaceWantToVisitView.swift */ = {isa = PBXFileReference; lastKnownFileType = sourcecode.swift; path = PlaceWantToVisitView.swift; sourceTree = "<group>"; };
		9AA227AD298D6284001A4984 /* TestView.swift */ = {isa = PBXFileReference; lastKnownFileType = sourcecode.swift; path = TestView.swift; sourceTree = "<group>"; };
		9AA227B0298D6BFB001A4984 /* MapView.swift */ = {isa = PBXFileReference; lastKnownFileType = sourcecode.swift; path = MapView.swift; sourceTree = "<group>"; };
		9AA227B3298D6FCD001A4984 /* LocationManager.swift */ = {isa = PBXFileReference; lastKnownFileType = sourcecode.swift; path = LocationManager.swift; sourceTree = "<group>"; };
		9AA227B6298D78EC001A4984 /* Landmark.swift */ = {isa = PBXFileReference; lastKnownFileType = sourcecode.swift; path = Landmark.swift; sourceTree = "<group>"; };
		9AA227B8298D79BC001A4984 /* LandmarkAnnotation.swift */ = {isa = PBXFileReference; lastKnownFileType = sourcecode.swift; path = LandmarkAnnotation.swift; sourceTree = "<group>"; };
		9AA227BC298D7E65001A4984 /* PlaceListView.swift */ = {isa = PBXFileReference; lastKnownFileType = sourcecode.swift; path = PlaceListView.swift; sourceTree = "<group>"; };
		9AA227C0298E98B0001A4984 /* Country.swift */ = {isa = PBXFileReference; lastKnownFileType = sourcecode.swift; path = Country.swift; sourceTree = "<group>"; };
		9AA227C4298E9A6F001A4984 /* CountryModel.xcdatamodel */ = {isa = PBXFileReference; lastKnownFileType = wrapper.xcdatamodel; path = CountryModel.xcdatamodel; sourceTree = "<group>"; };
		9AA227C6298E9B7F001A4984 /* DataCountryController.swift */ = {isa = PBXFileReference; lastKnownFileType = sourcecode.swift; path = DataCountryController.swift; sourceTree = "<group>"; };
		9AA227C8298E9BE8001A4984 /* CountrySave.swift */ = {isa = PBXFileReference; lastKnownFileType = sourcecode.swift; path = CountrySave.swift; sourceTree = "<group>"; };
		9AA227CA298EA0C6001A4984 /* AddNewVisitedCountryView.swift */ = {isa = PBXFileReference; lastKnownFileType = sourcecode.swift; path = AddNewVisitedCountryView.swift; sourceTree = "<group>"; };
		9AB480B62990399C00B035FA /* MyVisitedCityView.swift */ = {isa = PBXFileReference; lastKnownFileType = sourcecode.swift; path = MyVisitedCityView.swift; sourceTree = "<group>"; };
		9AB480BA299042B300B035FA /* AddNewVisitedCityView.swift */ = {isa = PBXFileReference; lastKnownFileType = sourcecode.swift; path = AddNewVisitedCityView.swift; sourceTree = "<group>"; };
		9AB480CD29913CC100B035FA /* City.swift */ = {isa = PBXFileReference; lastKnownFileType = sourcecode.swift; path = City.swift; sourceTree = "<group>"; };
		9AB480D72991441600B035FA /* CitySave.swift */ = {isa = PBXFileReference; lastKnownFileType = sourcecode.swift; path = CitySave.swift; sourceTree = "<group>"; };
		9AB480D92991445000B035FA /* DataCityController.swift */ = {isa = PBXFileReference; lastKnownFileType = sourcecode.swift; path = DataCityController.swift; sourceTree = "<group>"; };
/* End PBXFileReference section */

/* Begin PBXFrameworksBuildPhase section */
		9AA22780298AB9EE001A4984 /* Frameworks */ = {
			isa = PBXFrameworksBuildPhase;
			buildActionMask = 2147483647;
			files = (
			);
			runOnlyForDeploymentPostprocessing = 0;
		};
/* End PBXFrameworksBuildPhase section */

/* Begin PBXGroup section */
		9A147A9329951E9000859021 /* Place */ = {
			isa = PBXGroup;
			children = (
				9A147A9C2995207A00859021 /* CoreDataPlace+CoreDataClass.swift */,
				9A147A9D2995207A00859021 /* CoreDataPlace+CoreDataProperties.swift */,
				9A147A9429951EAE00859021 /* PlaceSave.swift */,
				9A147A9629951ED600859021 /* DataPlaceController.swift */,
			);
			path = Place;
			sourceTree = "<group>";
		};
		9A147AA429955EF500859021 /* TestingMaps */ = {
			isa = PBXGroup;
			children = (
				9A147AA529955F1700859021 /* MapModel.swift */,
				9A147AA72995640700859021 /* ContentViewMap.swift */,
			);
			path = TestingMaps;
			sourceTree = "<group>";
		};
		9A80B99B2997C15400970B40 /* CountryView */ = {
			isa = PBXGroup;
			children = (
				9AA22798298ABD8D001A4984 /* MyVisetedPlaceView.swift */,
				9AA227CA298EA0C6001A4984 /* AddNewVisitedCountryView.swift */,
				9A80B9992997C14D00970B40 /* EditNewVisitedCountryView.swift */,
			);
			path = CountryView;
			sourceTree = "<group>";
		};
		9A80B99C2997C16300970B40 /* CityView */ = {
			isa = PBXGroup;
			children = (
				9AB480B62990399C00B035FA /* MyVisitedCityView.swift */,
				9AB480BA299042B300B035FA /* AddNewVisitedCityView.swift */,
				9A80B99E2997C93D00970B40 /* EditNewVisitedCityView.swift */,
			);
			path = CityView;
			sourceTree = "<group>";
		};
		9A80B99D2997C16E00970B40 /* PlaceView */ = {
			isa = PBXGroup;
			children = (
				9A147A8D29951D4F00859021 /* MyVisitedPlaceView.swift */,
				9A147A8F29951D6C00859021 /* AddNewVisitedPlaceView.swift */,
				9A80B9A02997C9D000970B40 /* EditNewVisitedPlaceView.swift */,
			);
			path = PlaceView;
			sourceTree = "<group>";
		};
		9A80B9A82999146B00970B40 /* Visited */ = {
			isa = PBXGroup;
			children = (
				9AA227C0298E98B0001A4984 /* Country.swift */,
				9AB480CD29913CC100B035FA /* City.swift */,
				9A147A9129951E3A00859021 /* Place.swift */,
			);
			path = Visited;
			sourceTree = "<group>";
		};
		9A80B9A92999148500970B40 /* WantToVisite */ = {
			isa = PBXGroup;
			children = (
				9A80B9A2299913F500970B40 /* CountryWantToVisit.swift */,
				9A80B9A42999145100970B40 /* CityWantToVisit.swift */,
				9A80B9A62999146600970B40 /* PlaceWantToVisit.swift */,
			);
			path = WantToVisite;
			sourceTree = "<group>";
		};
		9A80B9AA299919FC00970B40 /* CountryWantToVisit */ = {
			isa = PBXGroup;
			children = (
				9A80B9AD29991A4F00970B40 /* CountrySaveWant.swift */,
				9A80B9AF29991A7400970B40 /* DataCountryWantController.swift */,
			);
			path = CountryWantToVisit;
			sourceTree = "<group>";
		};
		9A80B9AB29991A1400970B40 /* CityWantToVisit */ = {
			isa = PBXGroup;
			children = (
				9A80B9B129991AF100970B40 /* CitySaveWant.swift */,
				9A80B9B929991D8C00970B40 /* DataCityWantController.swift */,
			);
			path = CityWantToVisit;
			sourceTree = "<group>";
		};
		9A80B9AC29991A1D00970B40 /* PlaceWantToVisit */ = {
			isa = PBXGroup;
			children = (
				9A80B9B529991B8500970B40 /* PlaceSaveWant.swift */,
				9A80B9B729991BB000970B40 /* DataPlaceWantController.swift */,
			);
			path = PlaceWantToVisit;
			sourceTree = "<group>";
		};
		9A80B9BB2999231B00970B40 /* CountryWantToVisitView */ = {
			isa = PBXGroup;
			children = (
				9AA227A5298D4E19001A4984 /* CountryWantToVisitView.swift */,
				9AA2279E298C1BDB001A4984 /* AddCountryWantToVisitView.swift */,
			);
			path = CountryWantToVisitView;
			sourceTree = "<group>";
		};
		9A80B9BC2999240200970B40 /* CityWantToVisitView */ = {
			isa = PBXGroup;
			children = (
				9AA227A7298D4ECA001A4984 /* CityWantToVisitView.swift */,
				9A80B9BD299927AF00970B40 /* AddCityWantToVisitView.swift */,
			);
			path = CityWantToVisitView;
			sourceTree = "<group>";
		};
		9A80B9BF29992D6A00970B40 /* PlaceWantToVisit */ = {
			isa = PBXGroup;
			children = (
				9AA227A9298D4EE1001A4984 /* PlaceWantToVisitView.swift */,
				9A80B9C02999408900970B40 /* AddPlaceWantToVisitView.swift */,
			);
			path = PlaceWantToVisit;
			sourceTree = "<group>";
		};
		9AA2277A298AB9EE001A4984 = {
			isa = PBXGroup;
			children = (
				9AA22785298AB9EE001A4984 /* YourTrailAroundEarth */,
				9AA22784298AB9EE001A4984 /* Products */,
			);
			sourceTree = "<group>";
		};
		9AA22784298AB9EE001A4984 /* Products */ = {
			isa = PBXGroup;
			children = (
				9AA22783298AB9EE001A4984 /* YourTrailAroundEarth.app */,
			);
			name = Products;
			sourceTree = "<group>";
		};
		9AA22785298AB9EE001A4984 /* YourTrailAroundEarth */ = {
			isa = PBXGroup;
			children = (
				9A147AA429955EF500859021 /* TestingMaps */,
				9AA227C2298E9A4B001A4984 /* Data */,
				9AA227B5298D78BE001A4984 /* Models */,
				9AA227AF298D6BD7001A4984 /* Views */,
				9AA227B2298D6FAA001A4984 /* Managers */,
				9AA227A1298C1D9F001A4984 /* WantToVisit */,
				9AA227A0298C1D5D001A4984 /* Profile */,
				9AA227BE298E966F001A4984 /* MyVisitedPlace */,
				9AA227BF298E9686001A4984 /* Feed */,
				9AA22786298AB9EE001A4984 /* YourTrailAroundEarthApp.swift */,
				9AA22788298AB9EE001A4984 /* ContentView.swift */,
				9AA2278A298AB9F0001A4984 /* Assets.xcassets */,
				9AA2278C298AB9F0001A4984 /* Preview Content */,
			);
			path = YourTrailAroundEarth;
			sourceTree = "<group>";
		};
		9AA2278C298AB9F0001A4984 /* Preview Content */ = {
			isa = PBXGroup;
			children = (
				9AA2278D298AB9F0001A4984 /* Preview Assets.xcassets */,
			);
			path = "Preview Content";
			sourceTree = "<group>";
		};
		9AA227A0298C1D5D001A4984 /* Profile */ = {
			isa = PBXGroup;
			children = (
				9AA22796298ABD41001A4984 /* ProfileView.swift */,
				9AA2279C298AD51B001A4984 /* EditProfileView.swift */,
			);
			path = Profile;
			sourceTree = "<group>";
		};
		9AA227A1298C1D9F001A4984 /* WantToVisit */ = {
			isa = PBXGroup;
			children = (
				9AA2279A298ABDC0001A4984 /* WantToVisiteView.swift */,
				9A80B9BB2999231B00970B40 /* CountryWantToVisitView */,
				9A80B9BC2999240200970B40 /* CityWantToVisitView */,
				9A80B9BF29992D6A00970B40 /* PlaceWantToVisit */,
				9AA227A3298C2BC2001A4984 /* AddCountryWantToVisitViewModel.swift */,
				9AA227AD298D6284001A4984 /* TestView.swift */,
			);
			path = WantToVisit;
			sourceTree = "<group>";
		};
		9AA227AF298D6BD7001A4984 /* Views */ = {
			isa = PBXGroup;
			children = (
				9AA227B0298D6BFB001A4984 /* MapView.swift */,
				9AA227BC298D7E65001A4984 /* PlaceListView.swift */,
			);
			path = Views;
			sourceTree = "<group>";
		};
		9AA227B2298D6FAA001A4984 /* Managers */ = {
			isa = PBXGroup;
			children = (
				9AA227B3298D6FCD001A4984 /* LocationManager.swift */,
			);
			path = Managers;
			sourceTree = "<group>";
		};
		9AA227B5298D78BE001A4984 /* Models */ = {
			isa = PBXGroup;
			children = (
				9AA227B6298D78EC001A4984 /* Landmark.swift */,
				9AA227B8298D79BC001A4984 /* LandmarkAnnotation.swift */,
				9A7EA319299687AB00D8DE52 /* CountryModule.swift */,
				9A80B9A82999146B00970B40 /* Visited */,
				9A80B9A92999148500970B40 /* WantToVisite */,
			);
			path = Models;
			sourceTree = "<group>";
		};
		9AA227BE298E966F001A4984 /* MyVisitedPlace */ = {
			isa = PBXGroup;
			children = (
				9A80B99B2997C15400970B40 /* CountryView */,
				9A80B99C2997C16300970B40 /* CityView */,
				9A80B99D2997C16E00970B40 /* PlaceView */,
			);
			path = MyVisitedPlace;
			sourceTree = "<group>";
		};
		9AA227BF298E9686001A4984 /* Feed */ = {
			isa = PBXGroup;
			children = (
				9AA22794298ABD1E001A4984 /* FeedView.swift */,
			);
			path = Feed;
			sourceTree = "<group>";
		};
		9AA227C2298E9A4B001A4984 /* Data */ = {
			isa = PBXGroup;
			children = (
				9A80B9AC29991A1D00970B40 /* PlaceWantToVisit */,
				9A80B9AB29991A1400970B40 /* CityWantToVisit */,
				9A80B9AA299919FC00970B40 /* CountryWantToVisit */,
				9A147A9329951E9000859021 /* Place */,
				9AB480CC29913CAC00B035FA /* City */,
				9AB480C429912C6B00B035FA /* Country */,
				9AA227C3298E9A6F001A4984 /* CountryModel.xcdatamodeld */,
			);
			path = Data;
			sourceTree = "<group>";
		};
		9AB480C429912C6B00B035FA /* Country */ = {
			isa = PBXGroup;
			children = (
				9A147A9A2995207A00859021 /* CoreDataCountry+CoreDataClass.swift */,
				9A147A9B2995207A00859021 /* CoreDataCountry+CoreDataProperties.swift */,
				9AA227C8298E9BE8001A4984 /* CountrySave.swift */,
				9AA227C6298E9B7F001A4984 /* DataCountryController.swift */,
			);
			path = Country;
			sourceTree = "<group>";
		};
		9AB480CC29913CAC00B035FA /* City */ = {
			isa = PBXGroup;
			children = (
				9A147A982995207A00859021 /* CoreDataCity+CoreDataClass.swift */,
				9A147A992995207A00859021 /* CoreDataCity+CoreDataProperties.swift */,
				9AB480D72991441600B035FA /* CitySave.swift */,
				9AB480D92991445000B035FA /* DataCityController.swift */,
			);
			path = City;
			sourceTree = "<group>";
		};
/* End PBXGroup section */

/* Begin PBXNativeTarget section */
		9AA22782298AB9EE001A4984 /* YourTrailAroundEarth */ = {
			isa = PBXNativeTarget;
			buildConfigurationList = 9AA22791298AB9F0001A4984 /* Build configuration list for PBXNativeTarget "YourTrailAroundEarth" */;
			buildPhases = (
				9AA2277F298AB9EE001A4984 /* Sources */,
				9AA22780298AB9EE001A4984 /* Frameworks */,
				9AA22781298AB9EE001A4984 /* Resources */,
			);
			buildRules = (
			);
			dependencies = (
			);
			name = YourTrailAroundEarth;
			productName = YourTrailAroundEarth;
			productReference = 9AA22783298AB9EE001A4984 /* YourTrailAroundEarth.app */;
			productType = "com.apple.product-type.application";
		};
/* End PBXNativeTarget section */

/* Begin PBXProject section */
		9AA2277B298AB9EE001A4984 /* Project object */ = {
			isa = PBXProject;
			attributes = {
				BuildIndependentTargetsInParallel = 1;
				LastSwiftUpdateCheck = 1420;
				LastUpgradeCheck = 1420;
				TargetAttributes = {
					9AA22782298AB9EE001A4984 = {
						CreatedOnToolsVersion = 14.2;
					};
				};
			};
			buildConfigurationList = 9AA2277E298AB9EE001A4984 /* Build configuration list for PBXProject "YourTrailAroundEarth" */;
			compatibilityVersion = "Xcode 14.0";
			developmentRegion = en;
			hasScannedForEncodings = 0;
			knownRegions = (
				en,
				Base,
			);
			mainGroup = 9AA2277A298AB9EE001A4984;
			productRefGroup = 9AA22784298AB9EE001A4984 /* Products */;
			projectDirPath = "";
			projectRoot = "";
			targets = (
				9AA22782298AB9EE001A4984 /* YourTrailAroundEarth */,
			);
		};
/* End PBXProject section */

/* Begin PBXResourcesBuildPhase section */
		9AA22781298AB9EE001A4984 /* Resources */ = {
			isa = PBXResourcesBuildPhase;
			buildActionMask = 2147483647;
			files = (
				9AA2278E298AB9F0001A4984 /* Preview Assets.xcassets in Resources */,
				9AA2278B298AB9F0001A4984 /* Assets.xcassets in Resources */,
			);
			runOnlyForDeploymentPostprocessing = 0;
		};
/* End PBXResourcesBuildPhase section */

/* Begin PBXSourcesBuildPhase section */
		9AA2277F298AB9EE001A4984 /* Sources */ = {
			isa = PBXSourcesBuildPhase;
			buildActionMask = 2147483647;
			files = (
				9A80B9BA29991D8C00970B40 /* DataCityWantController.swift in Sources */,
				9A80B9B229991AF100970B40 /* CitySaveWant.swift in Sources */,
				9AB480B72990399C00B035FA /* MyVisitedCityView.swift in Sources */,
				9A80B9BE299927AF00970B40 /* AddCityWantToVisitView.swift in Sources */,
				9A147AA12995207A00859021 /* CoreDataCountry+CoreDataProperties.swift in Sources */,
				9A80B9A72999146600970B40 /* PlaceWantToVisit.swift in Sources */,
				9A147A9529951EAE00859021 /* PlaceSave.swift in Sources */,
				9AA227AE298D6284001A4984 /* TestView.swift in Sources */,
				9A147AA629955F1700859021 /* MapModel.swift in Sources */,
				9A147A9229951E3A00859021 /* Place.swift in Sources */,
				9A147A8E29951D4F00859021 /* MyVisitedPlaceView.swift in Sources */,
				9A80B99F2997C93D00970B40 /* EditNewVisitedCityView.swift in Sources */,
				9AA2279D298AD51B001A4984 /* EditProfileView.swift in Sources */,
				9A80B9A3299913F500970B40 /* CountryWantToVisit.swift in Sources */,
				9AA22799298ABD8D001A4984 /* MyVisetedPlaceView.swift in Sources */,
				9AA2279B298ABDC0001A4984 /* WantToVisiteView.swift in Sources */,
				9A147A9F2995207A00859021 /* CoreDataCity+CoreDataProperties.swift in Sources */,
				9AA227B4298D6FCD001A4984 /* LocationManager.swift in Sources */,
				9AB480CE29913CC100B035FA /* City.swift in Sources */,
				9A80B99A2997C14D00970B40 /* EditNewVisitedCountryView.swift in Sources */,
				9A147A9029951D6C00859021 /* AddNewVisitedPlaceView.swift in Sources */,
				9AA227A8298D4ECA001A4984 /* CityWantToVisitView.swift in Sources */,
				9AA227BD298D7E66001A4984 /* PlaceListView.swift in Sources */,
				9AA227A4298C2BC2001A4984 /* AddCountryWantToVisitViewModel.swift in Sources */,
				9A147AA02995207A00859021 /* CoreDataCountry+CoreDataClass.swift in Sources */,
				9AA227C1298E98B0001A4984 /* Country.swift in Sources */,
				9AB480D82991441600B035FA /* CitySave.swift in Sources */,
				9AA227AA298D4EE2001A4984 /* PlaceWantToVisitView.swift in Sources */,
				9AA227B1298D6BFB001A4984 /* MapView.swift in Sources */,
				9A147A9E2995207A00859021 /* CoreDataCity+CoreDataClass.swift in Sources */,
				9AA227CB298EA0C6001A4984 /* AddNewVisitedCountryView.swift in Sources */,
				9A80B9B829991BB000970B40 /* DataPlaceWantController.swift in Sources */,
				9A147AA22995207A00859021 /* CoreDataPlace+CoreDataClass.swift in Sources */,
				9AA227C9298E9BE8001A4984 /* CountrySave.swift in Sources */,
				9AA227A6298D4E19001A4984 /* CountryWantToVisitView.swift in Sources */,
				9AA22797298ABD41001A4984 /* ProfileView.swift in Sources */,
				9AA227C7298E9B7F001A4984 /* DataCountryController.swift in Sources */,
				9A80B9C12999408900970B40 /* AddPlaceWantToVisitView.swift in Sources */,
				9A80B9A12997C9D000970B40 /* EditNewVisitedPlaceView.swift in Sources */,
				9AA22789298AB9EE001A4984 /* ContentView.swift in Sources */,
				9AB480DA2991445000B035FA /* DataCityController.swift in Sources */,
				9AA22795298ABD1E001A4984 /* FeedView.swift in Sources */,
				9AA227C5298E9A6F001A4984 /* CountryModel.xcdatamodeld in Sources */,
				9AA227B9298D79BC001A4984 /* LandmarkAnnotation.swift in Sources */,
				9A80B9B629991B8500970B40 /* PlaceSaveWant.swift in Sources */,
				9AA227B7298D78EC001A4984 /* Landmark.swift in Sources */,
				9A147AA82995640700859021 /* ContentViewMap.swift in Sources */,
				9AA2279F298C1BDC001A4984 /* AddCountryWantToVisitView.swift in Sources */,
				9A80B9A52999145100970B40 /* CityWantToVisit.swift in Sources */,
				9A147A9729951ED600859021 /* DataPlaceController.swift in Sources */,
				9AA22787298AB9EE001A4984 /* YourTrailAroundEarthApp.swift in Sources */,
				9A147AA32995207A00859021 /* CoreDataPlace+CoreDataProperties.swift in Sources */,
				9A80B9B029991A7400970B40 /* DataCountryWantController.swift in Sources */,
				9AB480BB299042B300B035FA /* AddNewVisitedCityView.swift in Sources */,
				9A80B9AE29991A4F00970B40 /* CountrySaveWant.swift in Sources */,
				9A7EA31A299687AB00D8DE52 /* CountryModule.swift in Sources */,
			);
			runOnlyForDeploymentPostprocessing = 0;
		};
/* End PBXSourcesBuildPhase section */

/* Begin XCBuildConfiguration section */
		9AA2278F298AB9F0001A4984 /* Debug */ = {
			isa = XCBuildConfiguration;
			buildSettings = {
				ALWAYS_SEARCH_USER_PATHS = NO;
				CLANG_ANALYZER_NONNULL = YES;
				CLANG_ANALYZER_NUMBER_OBJECT_CONVERSION = YES_AGGRESSIVE;
				CLANG_CXX_LANGUAGE_STANDARD = "gnu++20";
				CLANG_ENABLE_MODULES = YES;
				CLANG_ENABLE_OBJC_ARC = YES;
				CLANG_ENABLE_OBJC_WEAK = YES;
				CLANG_WARN_BLOCK_CAPTURE_AUTORELEASING = YES;
				CLANG_WARN_BOOL_CONVERSION = YES;
				CLANG_WARN_COMMA = YES;
				CLANG_WARN_CONSTANT_CONVERSION = YES;
				CLANG_WARN_DEPRECATED_OBJC_IMPLEMENTATIONS = YES;
				CLANG_WARN_DIRECT_OBJC_ISA_USAGE = YES_ERROR;
				CLANG_WARN_DOCUMENTATION_COMMENTS = YES;
				CLANG_WARN_EMPTY_BODY = YES;
				CLANG_WARN_ENUM_CONVERSION = YES;
				CLANG_WARN_INFINITE_RECURSION = YES;
				CLANG_WARN_INT_CONVERSION = YES;
				CLANG_WARN_NON_LITERAL_NULL_CONVERSION = YES;
				CLANG_WARN_OBJC_IMPLICIT_RETAIN_SELF = YES;
				CLANG_WARN_OBJC_LITERAL_CONVERSION = YES;
				CLANG_WARN_OBJC_ROOT_CLASS = YES_ERROR;
				CLANG_WARN_QUOTED_INCLUDE_IN_FRAMEWORK_HEADER = YES;
				CLANG_WARN_RANGE_LOOP_ANALYSIS = YES;
				CLANG_WARN_STRICT_PROTOTYPES = YES;
				CLANG_WARN_SUSPICIOUS_MOVE = YES;
				CLANG_WARN_UNGUARDED_AVAILABILITY = YES_AGGRESSIVE;
				CLANG_WARN_UNREACHABLE_CODE = YES;
				CLANG_WARN__DUPLICATE_METHOD_MATCH = YES;
				COPY_PHASE_STRIP = NO;
				DEBUG_INFORMATION_FORMAT = dwarf;
				ENABLE_STRICT_OBJC_MSGSEND = YES;
				ENABLE_TESTABILITY = YES;
				GCC_C_LANGUAGE_STANDARD = gnu11;
				GCC_DYNAMIC_NO_PIC = NO;
				GCC_NO_COMMON_BLOCKS = YES;
				GCC_OPTIMIZATION_LEVEL = 0;
				GCC_PREPROCESSOR_DEFINITIONS = (
					"DEBUG=1",
					"$(inherited)",
				);
				GCC_WARN_64_TO_32_BIT_CONVERSION = YES;
				GCC_WARN_ABOUT_RETURN_TYPE = YES_ERROR;
				GCC_WARN_UNDECLARED_SELECTOR = YES;
				GCC_WARN_UNINITIALIZED_AUTOS = YES_AGGRESSIVE;
				GCC_WARN_UNUSED_FUNCTION = YES;
				GCC_WARN_UNUSED_VARIABLE = YES;
				IPHONEOS_DEPLOYMENT_TARGET = 16.2;
				MTL_ENABLE_DEBUG_INFO = INCLUDE_SOURCE;
				MTL_FAST_MATH = YES;
				ONLY_ACTIVE_ARCH = YES;
				SDKROOT = iphoneos;
				SWIFT_ACTIVE_COMPILATION_CONDITIONS = DEBUG;
				SWIFT_OPTIMIZATION_LEVEL = "-Onone";
			};
			name = Debug;
		};
		9AA22790298AB9F0001A4984 /* Release */ = {
			isa = XCBuildConfiguration;
			buildSettings = {
				ALWAYS_SEARCH_USER_PATHS = NO;
				CLANG_ANALYZER_NONNULL = YES;
				CLANG_ANALYZER_NUMBER_OBJECT_CONVERSION = YES_AGGRESSIVE;
				CLANG_CXX_LANGUAGE_STANDARD = "gnu++20";
				CLANG_ENABLE_MODULES = YES;
				CLANG_ENABLE_OBJC_ARC = YES;
				CLANG_ENABLE_OBJC_WEAK = YES;
				CLANG_WARN_BLOCK_CAPTURE_AUTORELEASING = YES;
				CLANG_WARN_BOOL_CONVERSION = YES;
				CLANG_WARN_COMMA = YES;
				CLANG_WARN_CONSTANT_CONVERSION = YES;
				CLANG_WARN_DEPRECATED_OBJC_IMPLEMENTATIONS = YES;
				CLANG_WARN_DIRECT_OBJC_ISA_USAGE = YES_ERROR;
				CLANG_WARN_DOCUMENTATION_COMMENTS = YES;
				CLANG_WARN_EMPTY_BODY = YES;
				CLANG_WARN_ENUM_CONVERSION = YES;
				CLANG_WARN_INFINITE_RECURSION = YES;
				CLANG_WARN_INT_CONVERSION = YES;
				CLANG_WARN_NON_LITERAL_NULL_CONVERSION = YES;
				CLANG_WARN_OBJC_IMPLICIT_RETAIN_SELF = YES;
				CLANG_WARN_OBJC_LITERAL_CONVERSION = YES;
				CLANG_WARN_OBJC_ROOT_CLASS = YES_ERROR;
				CLANG_WARN_QUOTED_INCLUDE_IN_FRAMEWORK_HEADER = YES;
				CLANG_WARN_RANGE_LOOP_ANALYSIS = YES;
				CLANG_WARN_STRICT_PROTOTYPES = YES;
				CLANG_WARN_SUSPICIOUS_MOVE = YES;
				CLANG_WARN_UNGUARDED_AVAILABILITY = YES_AGGRESSIVE;
				CLANG_WARN_UNREACHABLE_CODE = YES;
				CLANG_WARN__DUPLICATE_METHOD_MATCH = YES;
				COPY_PHASE_STRIP = NO;
				DEBUG_INFORMATION_FORMAT = "dwarf-with-dsym";
				ENABLE_NS_ASSERTIONS = NO;
				ENABLE_STRICT_OBJC_MSGSEND = YES;
				GCC_C_LANGUAGE_STANDARD = gnu11;
				GCC_NO_COMMON_BLOCKS = YES;
				GCC_WARN_64_TO_32_BIT_CONVERSION = YES;
				GCC_WARN_ABOUT_RETURN_TYPE = YES_ERROR;
				GCC_WARN_UNDECLARED_SELECTOR = YES;
				GCC_WARN_UNINITIALIZED_AUTOS = YES_AGGRESSIVE;
				GCC_WARN_UNUSED_FUNCTION = YES;
				GCC_WARN_UNUSED_VARIABLE = YES;
				IPHONEOS_DEPLOYMENT_TARGET = 16.2;
				MTL_ENABLE_DEBUG_INFO = NO;
				MTL_FAST_MATH = YES;
				SDKROOT = iphoneos;
				SWIFT_COMPILATION_MODE = wholemodule;
				SWIFT_OPTIMIZATION_LEVEL = "-O";
				VALIDATE_PRODUCT = YES;
			};
			name = Release;
		};
		9AA22792298AB9F0001A4984 /* Debug */ = {
			isa = XCBuildConfiguration;
			buildSettings = {
				ASSETCATALOG_COMPILER_APPICON_NAME = AppIcon;
				ASSETCATALOG_COMPILER_GLOBAL_ACCENT_COLOR_NAME = AccentColor;
				CODE_SIGN_STYLE = Automatic;
				CURRENT_PROJECT_VERSION = 1;
				DEVELOPMENT_ASSET_PATHS = "\"YourTrailAroundEarth/Preview Content\"";
				ENABLE_PREVIEWS = YES;
				GENERATE_INFOPLIST_FILE = YES;
				INFOPLIST_FILE = YourTrailAroundEarth/Info.plist;
				INFOPLIST_KEY_NSLocationWhenInUseUsageDescription = "NearMe app requires access your location";
				INFOPLIST_KEY_UIApplicationSceneManifest_Generation = YES;
				INFOPLIST_KEY_UIApplicationSupportsIndirectInputEvents = YES;
				INFOPLIST_KEY_UILaunchScreen_Generation = YES;
				INFOPLIST_KEY_UISupportedInterfaceOrientations_iPad = "UIInterfaceOrientationPortrait UIInterfaceOrientationPortraitUpsideDown UIInterfaceOrientationLandscapeLeft UIInterfaceOrientationLandscapeRight";
				INFOPLIST_KEY_UISupportedInterfaceOrientations_iPhone = "UIInterfaceOrientationPortrait UIInterfaceOrientationLandscapeLeft UIInterfaceOrientationLandscapeRight";
				LD_RUNPATH_SEARCH_PATHS = (
					"$(inherited)",
					"@executable_path/Frameworks",
				);
				MARKETING_VERSION = 1.0;
				PRODUCT_BUNDLE_IDENTIFIER = com.myorganization.YourTrailAroundEarth;
				PRODUCT_NAME = "$(TARGET_NAME)";
				SWIFT_EMIT_LOC_STRINGS = YES;
				SWIFT_VERSION = 5.0;
				TARGETED_DEVICE_FAMILY = "1,2";
			};
			name = Debug;
		};
		9AA22793298AB9F0001A4984 /* Release */ = {
			isa = XCBuildConfiguration;
			buildSettings = {
				ASSETCATALOG_COMPILER_APPICON_NAME = AppIcon;
				ASSETCATALOG_COMPILER_GLOBAL_ACCENT_COLOR_NAME = AccentColor;
				CODE_SIGN_STYLE = Automatic;
				CURRENT_PROJECT_VERSION = 1;
				DEVELOPMENT_ASSET_PATHS = "\"YourTrailAroundEarth/Preview Content\"";
				ENABLE_PREVIEWS = YES;
				GENERATE_INFOPLIST_FILE = YES;
				INFOPLIST_FILE = YourTrailAroundEarth/Info.plist;
				INFOPLIST_KEY_NSLocationWhenInUseUsageDescription = "NearMe app requires access your location";
				INFOPLIST_KEY_UIApplicationSceneManifest_Generation = YES;
				INFOPLIST_KEY_UIApplicationSupportsIndirectInputEvents = YES;
				INFOPLIST_KEY_UILaunchScreen_Generation = YES;
				INFOPLIST_KEY_UISupportedInterfaceOrientations_iPad = "UIInterfaceOrientationPortrait UIInterfaceOrientationPortraitUpsideDown UIInterfaceOrientationLandscapeLeft UIInterfaceOrientationLandscapeRight";
				INFOPLIST_KEY_UISupportedInterfaceOrientations_iPhone = "UIInterfaceOrientationPortrait UIInterfaceOrientationLandscapeLeft UIInterfaceOrientationLandscapeRight";
				LD_RUNPATH_SEARCH_PATHS = (
					"$(inherited)",
					"@executable_path/Frameworks",
				);
				MARKETING_VERSION = 1.0;
				PRODUCT_BUNDLE_IDENTIFIER = com.myorganization.YourTrailAroundEarth;
				PRODUCT_NAME = "$(TARGET_NAME)";
				SWIFT_EMIT_LOC_STRINGS = YES;
				SWIFT_VERSION = 5.0;
				TARGETED_DEVICE_FAMILY = "1,2";
			};
			name = Release;
		};
/* End XCBuildConfiguration section */

/* Begin XCConfigurationList section */
		9AA2277E298AB9EE001A4984 /* Build configuration list for PBXProject "YourTrailAroundEarth" */ = {
			isa = XCConfigurationList;
			buildConfigurations = (
				9AA2278F298AB9F0001A4984 /* Debug */,
				9AA22790298AB9F0001A4984 /* Release */,
			);
			defaultConfigurationIsVisible = 0;
			defaultConfigurationName = Release;
		};
		9AA22791298AB9F0001A4984 /* Build configuration list for PBXNativeTarget "YourTrailAroundEarth" */ = {
			isa = XCConfigurationList;
			buildConfigurations = (
				9AA22792298AB9F0001A4984 /* Debug */,
				9AA22793298AB9F0001A4984 /* Release */,
			);
			defaultConfigurationIsVisible = 0;
			defaultConfigurationName = Release;
		};
/* End XCConfigurationList section */

/* Begin XCVersionGroup section */
		9AA227C3298E9A6F001A4984 /* CountryModel.xcdatamodeld */ = {
			isa = XCVersionGroup;
			children = (
				9AA227C4298E9A6F001A4984 /* CountryModel.xcdatamodel */,
			);
			currentVersion = 9AA227C4298E9A6F001A4984 /* CountryModel.xcdatamodel */;
			path = CountryModel.xcdatamodeld;
			sourceTree = "<group>";
			versionGroupType = wrapper.xcdatamodel;
		};
/* End XCVersionGroup section */
	};
	rootObject = 9AA2277B298AB9EE001A4984 /* Project object */;
}
