// !$*UTF8*$!
{
	archiveVersion = 1;
	classes = {
	};
	objectVersion = 56;
	objects = {

/* Begin PBXBuildFile section */
		9AA22787298AB9EE001A4984 /* YourTrailAroundEarthApp.swift in Sources */ = {isa = PBXBuildFile; fileRef = 9AA22786298AB9EE001A4984 /* YourTrailAroundEarthApp.swift */; };
		9AA22789298AB9EE001A4984 /* ContentView.swift in Sources */ = {isa = PBXBuildFile; fileRef = 9AA22788298AB9EE001A4984 /* ContentView.swift */; };
		9AA2278B298AB9F0001A4984 /* Assets.xcassets in Resources */ = {isa = PBXBuildFile; fileRef = 9AA2278A298AB9F0001A4984 /* Assets.xcassets */; };
		9AA2278E298AB9F0001A4984 /* Preview Assets.xcassets in Resources */ = {isa = PBXBuildFile; fileRef = 9AA2278D298AB9F0001A4984 /* Preview Assets.xcassets */; };
		9AA22795298ABD1E001A4984 /* FeedView.swift in Sources */ = {isa = PBXBuildFile; fileRef = 9AA22794298ABD1E001A4984 /* FeedView.swift */; };
		9AA22797298ABD41001A4984 /* ProfileView.swift in Sources */ = {isa = PBXBuildFile; fileRef = 9AA22796298ABD41001A4984 /* ProfileView.swift */; };
		9AA22799298ABD8D001A4984 /* MyVisetedPlaceView.swift in Sources */ = {isa = PBXBuildFile; fileRef = 9AA22798298ABD8D001A4984 /* MyVisetedPlaceView.swift */; };
		9AA2279B298ABDC0001A4984 /* WantToVisiteView.swift in Sources */ = {isa = PBXBuildFile; fileRef = 9AA2279A298ABDC0001A4984 /* WantToVisiteView.swift */; };
		9AA2279D298AD51B001A4984 /* EditProfileView.swift in Sources */ = {isa = PBXBuildFile; fileRef = 9AA2279C298AD51B001A4984 /* EditProfileView.swift */; };
		9AA2279F298C1BDC001A4984 /* AddCountryWantToVisitView.swift in Sources */ = {isa = PBXBuildFile; fileRef = 9AA2279E298C1BDB001A4984 /* AddCountryWantToVisitView.swift */; };
		9AA227A4298C2BC2001A4984 /* AddCountryWantToVisitViewModel.swift in Sources */ = {isa = PBXBuildFile; fileRef = 9AA227A3298C2BC2001A4984 /* AddCountryWantToVisitViewModel.swift */; };
		9AA227A6298D4E19001A4984 /* CountryWantToVisitView.swift in Sources */ = {isa = PBXBuildFile; fileRef = 9AA227A5298D4E19001A4984 /* CountryWantToVisitView.swift */; };
		9AA227A8298D4ECA001A4984 /* CityWantToVisitView.swift in Sources */ = {isa = PBXBuildFile; fileRef = 9AA227A7298D4ECA001A4984 /* CityWantToVisitView.swift */; };
		9AA227AA298D4EE2001A4984 /* PlaceWantToVisitView.swift in Sources */ = {isa = PBXBuildFile; fileRef = 9AA227A9298D4EE1001A4984 /* PlaceWantToVisitView.swift */; };
		9AA227AC298D5C51001A4984 /* CountryListTest.swift in Sources */ = {isa = PBXBuildFile; fileRef = 9AA227AB298D5C51001A4984 /* CountryListTest.swift */; };
		9AA227AE298D6284001A4984 /* TestView.swift in Sources */ = {isa = PBXBuildFile; fileRef = 9AA227AD298D6284001A4984 /* TestView.swift */; };
		9AA227B1298D6BFB001A4984 /* MapView.swift in Sources */ = {isa = PBXBuildFile; fileRef = 9AA227B0298D6BFB001A4984 /* MapView.swift */; };
		9AA227B4298D6FCD001A4984 /* LocationManager.swift in Sources */ = {isa = PBXBuildFile; fileRef = 9AA227B3298D6FCD001A4984 /* LocationManager.swift */; };
		9AA227B7298D78EC001A4984 /* Landmark.swift in Sources */ = {isa = PBXBuildFile; fileRef = 9AA227B6298D78EC001A4984 /* Landmark.swift */; };
		9AA227B9298D79BC001A4984 /* LandmarkAnnotation.swift in Sources */ = {isa = PBXBuildFile; fileRef = 9AA227B8298D79BC001A4984 /* LandmarkAnnotation.swift */; };
		9AA227BD298D7E66001A4984 /* PlaceListView.swift in Sources */ = {isa = PBXBuildFile; fileRef = 9AA227BC298D7E65001A4984 /* PlaceListView.swift */; };
		9AA227C1298E98B0001A4984 /* Country.swift in Sources */ = {isa = PBXBuildFile; fileRef = 9AA227C0298E98B0001A4984 /* Country.swift */; };
		9AA227C5298E9A6F001A4984 /* CountryModel.xcdatamodeld in Sources */ = {isa = PBXBuildFile; fileRef = 9AA227C3298E9A6F001A4984 /* CountryModel.xcdatamodeld */; };
		9AA227C7298E9B7F001A4984 /* DataCountryController.swift in Sources */ = {isa = PBXBuildFile; fileRef = 9AA227C6298E9B7F001A4984 /* DataCountryController.swift */; };
		9AA227C9298E9BE8001A4984 /* CountrySave.swift in Sources */ = {isa = PBXBuildFile; fileRef = 9AA227C8298E9BE8001A4984 /* CountrySave.swift */; };
		9AA227CB298EA0C6001A4984 /* AddNewVisitedCountryView.swift in Sources */ = {isa = PBXBuildFile; fileRef = 9AA227CA298EA0C6001A4984 /* AddNewVisitedCountryView.swift */; };
		9AA227CD298EA464001A4984 /* CountryListView.swift in Sources */ = {isa = PBXBuildFile; fileRef = 9AA227CC298EA464001A4984 /* CountryListView.swift */; };
		9AB480B72990399C00B035FA /* MyVisitedCityView.swift in Sources */ = {isa = PBXBuildFile; fileRef = 9AB480B62990399C00B035FA /* MyVisitedCityView.swift */; };
		9AB480BB299042B300B035FA /* AddNewVisitedCityView.swift in Sources */ = {isa = PBXBuildFile; fileRef = 9AB480BA299042B300B035FA /* AddNewVisitedCityView.swift */; };
/* End PBXBuildFile section */

/* Begin PBXFileReference section */
		9AA22783298AB9EE001A4984 /* YourTrailAroundEarth.app */ = {isa = PBXFileReference; explicitFileType = wrapper.application; includeInIndex = 0; path = YourTrailAroundEarth.app; sourceTree = BUILT_PRODUCTS_DIR; };
		9AA22786298AB9EE001A4984 /* YourTrailAroundEarthApp.swift */ = {isa = PBXFileReference; lastKnownFileType = sourcecode.swift; path = YourTrailAroundEarthApp.swift; sourceTree = "<group>"; };
		9AA22788298AB9EE001A4984 /* ContentView.swift */ = {isa = PBXFileReference; lastKnownFileType = sourcecode.swift; path = ContentView.swift; sourceTree = "<group>"; };
		9AA2278A298AB9F0001A4984 /* Assets.xcassets */ = {isa = PBXFileReference; lastKnownFileType = folder.assetcatalog; path = Assets.xcassets; sourceTree = "<group>"; };
		9AA2278D298AB9F0001A4984 /* Preview Assets.xcassets */ = {isa = PBXFileReference; lastKnownFileType = folder.assetcatalog; path = "Preview Assets.xcassets"; sourceTree = "<group>"; };
		9AA22794298ABD1E001A4984 /* FeedView.swift */ = {isa = PBXFileReference; lastKnownFileType = sourcecode.swift; path = FeedView.swift; sourceTree = "<group>"; };
		9AA22796298ABD41001A4984 /* ProfileView.swift */ = {isa = PBXFileReference; lastKnownFileType = sourcecode.swift; path = ProfileView.swift; sourceTree = "<group>"; };
		9AA22798298ABD8D001A4984 /* MyVisetedPlaceView.swift */ = {isa = PBXFileReference; lastKnownFileType = sourcecode.swift; path = MyVisetedPlaceView.swift; sourceTree = "<group>"; };
		9AA2279A298ABDC0001A4984 /* WantToVisiteView.swift */ = {isa = PBXFileReference; lastKnownFileType = sourcecode.swift; path = WantToVisiteView.swift; sourceTree = "<group>"; };
		9AA2279C298AD51B001A4984 /* EditProfileView.swift */ = {isa = PBXFileReference; lastKnownFileType = sourcecode.swift; path = EditProfileView.swift; sourceTree = "<group>"; };
		9AA2279E298C1BDB001A4984 /* AddCountryWantToVisitView.swift */ = {isa = PBXFileReference; lastKnownFileType = sourcecode.swift; path = AddCountryWantToVisitView.swift; sourceTree = "<group>"; };
		9AA227A3298C2BC2001A4984 /* AddCountryWantToVisitViewModel.swift */ = {isa = PBXFileReference; lastKnownFileType = sourcecode.swift; path = AddCountryWantToVisitViewModel.swift; sourceTree = "<group>"; };
		9AA227A5298D4E19001A4984 /* CountryWantToVisitView.swift */ = {isa = PBXFileReference; lastKnownFileType = sourcecode.swift; path = CountryWantToVisitView.swift; sourceTree = "<group>"; };
		9AA227A7298D4ECA001A4984 /* CityWantToVisitView.swift */ = {isa = PBXFileReference; lastKnownFileType = sourcecode.swift; path = CityWantToVisitView.swift; sourceTree = "<group>"; };
		9AA227A9298D4EE1001A4984 /* PlaceWantToVisitView.swift */ = {isa = PBXFileReference; lastKnownFileType = sourcecode.swift; path = PlaceWantToVisitView.swift; sourceTree = "<group>"; };
		9AA227AB298D5C51001A4984 /* CountryListTest.swift */ = {isa = PBXFileReference; lastKnownFileType = sourcecode.swift; path = CountryListTest.swift; sourceTree = "<group>"; };
		9AA227AD298D6284001A4984 /* TestView.swift */ = {isa = PBXFileReference; lastKnownFileType = sourcecode.swift; path = TestView.swift; sourceTree = "<group>"; };
		9AA227B0298D6BFB001A4984 /* MapView.swift */ = {isa = PBXFileReference; lastKnownFileType = sourcecode.swift; path = MapView.swift; sourceTree = "<group>"; };
		9AA227B3298D6FCD001A4984 /* LocationManager.swift */ = {isa = PBXFileReference; lastKnownFileType = sourcecode.swift; path = LocationManager.swift; sourceTree = "<group>"; };
		9AA227B6298D78EC001A4984 /* Landmark.swift */ = {isa = PBXFileReference; lastKnownFileType = sourcecode.swift; path = Landmark.swift; sourceTree = "<group>"; };
		9AA227B8298D79BC001A4984 /* LandmarkAnnotation.swift */ = {isa = PBXFileReference; lastKnownFileType = sourcecode.swift; path = LandmarkAnnotation.swift; sourceTree = "<group>"; };
		9AA227BC298D7E65001A4984 /* PlaceListView.swift */ = {isa = PBXFileReference; lastKnownFileType = sourcecode.swift; path = PlaceListView.swift; sourceTree = "<group>"; };
		9AA227C0298E98B0001A4984 /* Country.swift */ = {isa = PBXFileReference; lastKnownFileType = sourcecode.swift; path = Country.swift; sourceTree = "<group>"; };
		9AA227C4298E9A6F001A4984 /* CountryModel.xcdatamodel */ = {isa = PBXFileReference; lastKnownFileType = wrapper.xcdatamodel; path = CountryModel.xcdatamodel; sourceTree = "<group>"; };
		9AA227C6298E9B7F001A4984 /* DataCountryController.swift */ = {isa = PBXFileReference; lastKnownFileType = sourcecode.swift; path = DataCountryController.swift; sourceTree = "<group>"; };
		9AA227C8298E9BE8001A4984 /* CountrySave.swift */ = {isa = PBXFileReference; lastKnownFileType = sourcecode.swift; path = CountrySave.swift; sourceTree = "<group>"; };
		9AA227CA298EA0C6001A4984 /* AddNewVisitedCountryView.swift */ = {isa = PBXFileReference; lastKnownFileType = sourcecode.swift; path = AddNewVisitedCountryView.swift; sourceTree = "<group>"; };
		9AA227CC298EA464001A4984 /* CountryListView.swift */ = {isa = PBXFileReference; lastKnownFileType = sourcecode.swift; path = CountryListView.swift; sourceTree = "<group>"; };
		9AB480B62990399C00B035FA /* MyVisitedCityView.swift */ = {isa = PBXFileReference; lastKnownFileType = sourcecode.swift; path = MyVisitedCityView.swift; sourceTree = "<group>"; };
		9AB480BA299042B300B035FA /* AddNewVisitedCityView.swift */ = {isa = PBXFileReference; lastKnownFileType = sourcecode.swift; path = AddNewVisitedCityView.swift; sourceTree = "<group>"; };
/* End PBXFileReference section */

/* Begin PBXFrameworksBuildPhase section */
		9AA22780298AB9EE001A4984 /* Frameworks */ = {
			isa = PBXFrameworksBuildPhase;
			buildActionMask = 2147483647;
			files = (
			);
			runOnlyForDeploymentPostprocessing = 0;
		};
/* End PBXFrameworksBuildPhase section */

/* Begin PBXGroup section */
		9AA2277A298AB9EE001A4984 = {
			isa = PBXGroup;
			children = (
				9AA22785298AB9EE001A4984 /* YourTrailAroundEarth */,
				9AA22784298AB9EE001A4984 /* Products */,
			);
			sourceTree = "<group>";
		};
		9AA22784298AB9EE001A4984 /* Products */ = {
			isa = PBXGroup;
			children = (
				9AA22783298AB9EE001A4984 /* YourTrailAroundEarth.app */,
			);
			name = Products;
			sourceTree = "<group>";
		};
		9AA22785298AB9EE001A4984 /* YourTrailAroundEarth */ = {
			isa = PBXGroup;
			children = (
				9AA227C2298E9A4B001A4984 /* Data */,
				9AA227B5298D78BE001A4984 /* Models */,
				9AA227AF298D6BD7001A4984 /* Views */,
				9AA227B2298D6FAA001A4984 /* Managers */,
				9AA227A1298C1D9F001A4984 /* WantToVisit */,
				9AA227A0298C1D5D001A4984 /* Profile */,
				9AA227BE298E966F001A4984 /* MyVisitedPlace */,
				9AA227BF298E9686001A4984 /* Feed */,
				9AA22786298AB9EE001A4984 /* YourTrailAroundEarthApp.swift */,
				9AA22788298AB9EE001A4984 /* ContentView.swift */,
				9AA2278A298AB9F0001A4984 /* Assets.xcassets */,
				9AA2278C298AB9F0001A4984 /* Preview Content */,
			);
			path = YourTrailAroundEarth;
			sourceTree = "<group>";
		};
		9AA2278C298AB9F0001A4984 /* Preview Content */ = {
			isa = PBXGroup;
			children = (
				9AA2278D298AB9F0001A4984 /* Preview Assets.xcassets */,
			);
			path = "Preview Content";
			sourceTree = "<group>";
		};
		9AA227A0298C1D5D001A4984 /* Profile */ = {
			isa = PBXGroup;
			children = (
				9AA22796298ABD41001A4984 /* ProfileView.swift */,
				9AA2279C298AD51B001A4984 /* EditProfileView.swift */,
			);
			path = Profile;
			sourceTree = "<group>";
		};
		9AA227A1298C1D9F001A4984 /* WantToVisit */ = {
			isa = PBXGroup;
			children = (
				9AA2279A298ABDC0001A4984 /* WantToVisiteView.swift */,
				9AA227A5298D4E19001A4984 /* CountryWantToVisitView.swift */,
				9AA2279E298C1BDB001A4984 /* AddCountryWantToVisitView.swift */,
				9AA227A3298C2BC2001A4984 /* AddCountryWantToVisitViewModel.swift */,
				9AA227A7298D4ECA001A4984 /* CityWantToVisitView.swift */,
				9AA227A9298D4EE1001A4984 /* PlaceWantToVisitView.swift */,
				9AA227AB298D5C51001A4984 /* CountryListTest.swift */,
				9AA227AD298D6284001A4984 /* TestView.swift */,
			);
			path = WantToVisit;
			sourceTree = "<group>";
		};
		9AA227AF298D6BD7001A4984 /* Views */ = {
			isa = PBXGroup;
			children = (
				9AA227B0298D6BFB001A4984 /* MapView.swift */,
				9AA227BC298D7E65001A4984 /* PlaceListView.swift */,
			);
			path = Views;
			sourceTree = "<group>";
		};
		9AA227B2298D6FAA001A4984 /* Managers */ = {
			isa = PBXGroup;
			children = (
				9AA227B3298D6FCD001A4984 /* LocationManager.swift */,
			);
			path = Managers;
			sourceTree = "<group>";
		};
		9AA227B5298D78BE001A4984 /* Models */ = {
			isa = PBXGroup;
			children = (
				9AA227B6298D78EC001A4984 /* Landmark.swift */,
				9AA227B8298D79BC001A4984 /* LandmarkAnnotation.swift */,
				9AA227C0298E98B0001A4984 /* Country.swift */,
			);
			path = Models;
			sourceTree = "<group>";
		};
		9AA227BE298E966F001A4984 /* MyVisitedPlace */ = {
			isa = PBXGroup;
			children = (
				9AA22798298ABD8D001A4984 /* MyVisetedPlaceView.swift */,
				9AA227CA298EA0C6001A4984 /* AddNewVisitedCountryView.swift */,
				9AB480B62990399C00B035FA /* MyVisitedCityView.swift */,
				9AB480BA299042B300B035FA /* AddNewVisitedCityView.swift */,
				9AA227CC298EA464001A4984 /* CountryListView.swift */,
			);
			path = MyVisitedPlace;
			sourceTree = "<group>";
		};
		9AA227BF298E9686001A4984 /* Feed */ = {
			isa = PBXGroup;
			children = (
				9AA22794298ABD1E001A4984 /* FeedView.swift */,
			);
			path = Feed;
			sourceTree = "<group>";
		};
		9AA227C2298E9A4B001A4984 /* Data */ = {
			isa = PBXGroup;
			children = (
				9AA227C3298E9A6F001A4984 /* CountryModel.xcdatamodeld */,
				9AA227C6298E9B7F001A4984 /* DataCountryController.swift */,
				9AA227C8298E9BE8001A4984 /* CountrySave.swift */,
			);
			path = Data;
			sourceTree = "<group>";
		};
/* End PBXGroup section */

/* Begin PBXNativeTarget section */
		9AA22782298AB9EE001A4984 /* YourTrailAroundEarth */ = {
			isa = PBXNativeTarget;
			buildConfigurationList = 9AA22791298AB9F0001A4984 /* Build configuration list for PBXNativeTarget "YourTrailAroundEarth" */;
			buildPhases = (
				9AA2277F298AB9EE001A4984 /* Sources */,
				9AA22780298AB9EE001A4984 /* Frameworks */,
				9AA22781298AB9EE001A4984 /* Resources */,
			);
			buildRules = (
			);
			dependencies = (
			);
			name = YourTrailAroundEarth;
			productName = YourTrailAroundEarth;
			productReference = 9AA22783298AB9EE001A4984 /* YourTrailAroundEarth.app */;
			productType = "com.apple.product-type.application";
		};
/* End PBXNativeTarget section */

/* Begin PBXProject section */
		9AA2277B298AB9EE001A4984 /* Project object */ = {
			isa = PBXProject;
			attributes = {
				BuildIndependentTargetsInParallel = 1;
				LastSwiftUpdateCheck = 1420;
				LastUpgradeCheck = 1420;
				TargetAttributes = {
					9AA22782298AB9EE001A4984 = {
						CreatedOnToolsVersion = 14.2;
					};
				};
			};
			buildConfigurationList = 9AA2277E298AB9EE001A4984 /* Build configuration list for PBXProject "YourTrailAroundEarth" */;
			compatibilityVersion = "Xcode 14.0";
			developmentRegion = en;
			hasScannedForEncodings = 0;
			knownRegions = (
				en,
				Base,
			);
			mainGroup = 9AA2277A298AB9EE001A4984;
			productRefGroup = 9AA22784298AB9EE001A4984 /* Products */;
			projectDirPath = "";
			projectRoot = "";
			targets = (
				9AA22782298AB9EE001A4984 /* YourTrailAroundEarth */,
			);
		};
/* End PBXProject section */

/* Begin PBXResourcesBuildPhase section */
		9AA22781298AB9EE001A4984 /* Resources */ = {
			isa = PBXResourcesBuildPhase;
			buildActionMask = 2147483647;
			files = (
				9AA2278E298AB9F0001A4984 /* Preview Assets.xcassets in Resources */,
				9AA2278B298AB9F0001A4984 /* Assets.xcassets in Resources */,
			);
			runOnlyForDeploymentPostprocessing = 0;
		};
/* End PBXResourcesBuildPhase section */

/* Begin PBXSourcesBuildPhase section */
		9AA2277F298AB9EE001A4984 /* Sources */ = {
			isa = PBXSourcesBuildPhase;
			buildActionMask = 2147483647;
			files = (
				9AB480B72990399C00B035FA /* MyVisitedCityView.swift in Sources */,
				9AA227AE298D6284001A4984 /* TestView.swift in Sources */,
				9AA2279D298AD51B001A4984 /* EditProfileView.swift in Sources */,
				9AA22799298ABD8D001A4984 /* MyVisetedPlaceView.swift in Sources */,
				9AA2279B298ABDC0001A4984 /* WantToVisiteView.swift in Sources */,
				9AA227B4298D6FCD001A4984 /* LocationManager.swift in Sources */,
				9AA227A8298D4ECA001A4984 /* CityWantToVisitView.swift in Sources */,
				9AA227BD298D7E66001A4984 /* PlaceListView.swift in Sources */,
				9AA227A4298C2BC2001A4984 /* AddCountryWantToVisitViewModel.swift in Sources */,
				9AA227C1298E98B0001A4984 /* Country.swift in Sources */,
				9AA227AA298D4EE2001A4984 /* PlaceWantToVisitView.swift in Sources */,
				9AA227B1298D6BFB001A4984 /* MapView.swift in Sources */,
				9AA227CB298EA0C6001A4984 /* AddNewVisitedCountryView.swift in Sources */,
				9AA227AC298D5C51001A4984 /* CountryListTest.swift in Sources */,
				9AA227C9298E9BE8001A4984 /* CountrySave.swift in Sources */,
				9AA227A6298D4E19001A4984 /* CountryWantToVisitView.swift in Sources */,
				9AA227CD298EA464001A4984 /* CountryListView.swift in Sources */,
				9AA22797298ABD41001A4984 /* ProfileView.swift in Sources */,
				9AA227C7298E9B7F001A4984 /* DataCountryController.swift in Sources */,
				9AA22789298AB9EE001A4984 /* ContentView.swift in Sources */,
				9AA22795298ABD1E001A4984 /* FeedView.swift in Sources */,
				9AA227C5298E9A6F001A4984 /* CountryModel.xcdatamodeld in Sources */,
				9AA227B9298D79BC001A4984 /* LandmarkAnnotation.swift in Sources */,
				9AA227B7298D78EC001A4984 /* Landmark.swift in Sources */,
				9AA2279F298C1BDC001A4984 /* AddCountryWantToVisitView.swift in Sources */,
				9AA22787298AB9EE001A4984 /* YourTrailAroundEarthApp.swift in Sources */,
				9AB480BB299042B300B035FA /* AddNewVisitedCityView.swift in Sources */,
			);
			runOnlyForDeploymentPostprocessing = 0;
		};
/* End PBXSourcesBuildPhase section */

/* Begin XCBuildConfiguration section */
		9AA2278F298AB9F0001A4984 /* Debug */ = {
			isa = XCBuildConfiguration;
			buildSettings = {
				ALWAYS_SEARCH_USER_PATHS = NO;
				CLANG_ANALYZER_NONNULL = YES;
				CLANG_ANALYZER_NUMBER_OBJECT_CONVERSION = YES_AGGRESSIVE;
				CLANG_CXX_LANGUAGE_STANDARD = "gnu++20";
				CLANG_ENABLE_MODULES = YES;
				CLANG_ENABLE_OBJC_ARC = YES;
				CLANG_ENABLE_OBJC_WEAK = YES;
				CLANG_WARN_BLOCK_CAPTURE_AUTORELEASING = YES;
				CLANG_WARN_BOOL_CONVERSION = YES;
				CLANG_WARN_COMMA = YES;
				CLANG_WARN_CONSTANT_CONVERSION = YES;
				CLANG_WARN_DEPRECATED_OBJC_IMPLEMENTATIONS = YES;
				CLANG_WARN_DIRECT_OBJC_ISA_USAGE = YES_ERROR;
				CLANG_WARN_DOCUMENTATION_COMMENTS = YES;
				CLANG_WARN_EMPTY_BODY = YES;
				CLANG_WARN_ENUM_CONVERSION = YES;
				CLANG_WARN_INFINITE_RECURSION = YES;
				CLANG_WARN_INT_CONVERSION = YES;
				CLANG_WARN_NON_LITERAL_NULL_CONVERSION = YES;
				CLANG_WARN_OBJC_IMPLICIT_RETAIN_SELF = YES;
				CLANG_WARN_OBJC_LITERAL_CONVERSION = YES;
				CLANG_WARN_OBJC_ROOT_CLASS = YES_ERROR;
				CLANG_WARN_QUOTED_INCLUDE_IN_FRAMEWORK_HEADER = YES;
				CLANG_WARN_RANGE_LOOP_ANALYSIS = YES;
				CLANG_WARN_STRICT_PROTOTYPES = YES;
				CLANG_WARN_SUSPICIOUS_MOVE = YES;
				CLANG_WARN_UNGUARDED_AVAILABILITY = YES_AGGRESSIVE;
				CLANG_WARN_UNREACHABLE_CODE = YES;
				CLANG_WARN__DUPLICATE_METHOD_MATCH = YES;
				COPY_PHASE_STRIP = NO;
				DEBUG_INFORMATION_FORMAT = dwarf;
				ENABLE_STRICT_OBJC_MSGSEND = YES;
				ENABLE_TESTABILITY = YES;
				GCC_C_LANGUAGE_STANDARD = gnu11;
				GCC_DYNAMIC_NO_PIC = NO;
				GCC_NO_COMMON_BLOCKS = YES;
				GCC_OPTIMIZATION_LEVEL = 0;
				GCC_PREPROCESSOR_DEFINITIONS = (
					"DEBUG=1",
					"$(inherited)",
				);
				GCC_WARN_64_TO_32_BIT_CONVERSION = YES;
				GCC_WARN_ABOUT_RETURN_TYPE = YES_ERROR;
				GCC_WARN_UNDECLARED_SELECTOR = YES;
				GCC_WARN_UNINITIALIZED_AUTOS = YES_AGGRESSIVE;
				GCC_WARN_UNUSED_FUNCTION = YES;
				GCC_WARN_UNUSED_VARIABLE = YES;
				IPHONEOS_DEPLOYMENT_TARGET = 16.2;
				MTL_ENABLE_DEBUG_INFO = INCLUDE_SOURCE;
				MTL_FAST_MATH = YES;
				ONLY_ACTIVE_ARCH = YES;
				SDKROOT = iphoneos;
				SWIFT_ACTIVE_COMPILATION_CONDITIONS = DEBUG;
				SWIFT_OPTIMIZATION_LEVEL = "-Onone";
			};
			name = Debug;
		};
		9AA22790298AB9F0001A4984 /* Release */ = {
			isa = XCBuildConfiguration;
			buildSettings = {
				ALWAYS_SEARCH_USER_PATHS = NO;
				CLANG_ANALYZER_NONNULL = YES;
				CLANG_ANALYZER_NUMBER_OBJECT_CONVERSION = YES_AGGRESSIVE;
				CLANG_CXX_LANGUAGE_STANDARD = "gnu++20";
				CLANG_ENABLE_MODULES = YES;
				CLANG_ENABLE_OBJC_ARC = YES;
				CLANG_ENABLE_OBJC_WEAK = YES;
				CLANG_WARN_BLOCK_CAPTURE_AUTORELEASING = YES;
				CLANG_WARN_BOOL_CONVERSION = YES;
				CLANG_WARN_COMMA = YES;
				CLANG_WARN_CONSTANT_CONVERSION = YES;
				CLANG_WARN_DEPRECATED_OBJC_IMPLEMENTATIONS = YES;
				CLANG_WARN_DIRECT_OBJC_ISA_USAGE = YES_ERROR;
				CLANG_WARN_DOCUMENTATION_COMMENTS = YES;
				CLANG_WARN_EMPTY_BODY = YES;
				CLANG_WARN_ENUM_CONVERSION = YES;
				CLANG_WARN_INFINITE_RECURSION = YES;
				CLANG_WARN_INT_CONVERSION = YES;
				CLANG_WARN_NON_LITERAL_NULL_CONVERSION = YES;
				CLANG_WARN_OBJC_IMPLICIT_RETAIN_SELF = YES;
				CLANG_WARN_OBJC_LITERAL_CONVERSION = YES;
				CLANG_WARN_OBJC_ROOT_CLASS = YES_ERROR;
				CLANG_WARN_QUOTED_INCLUDE_IN_FRAMEWORK_HEADER = YES;
				CLANG_WARN_RANGE_LOOP_ANALYSIS = YES;
				CLANG_WARN_STRICT_PROTOTYPES = YES;
				CLANG_WARN_SUSPICIOUS_MOVE = YES;
				CLANG_WARN_UNGUARDED_AVAILABILITY = YES_AGGRESSIVE;
				CLANG_WARN_UNREACHABLE_CODE = YES;
				CLANG_WARN__DUPLICATE_METHOD_MATCH = YES;
				COPY_PHASE_STRIP = NO;
				DEBUG_INFORMATION_FORMAT = "dwarf-with-dsym";
				ENABLE_NS_ASSERTIONS = NO;
				ENABLE_STRICT_OBJC_MSGSEND = YES;
				GCC_C_LANGUAGE_STANDARD = gnu11;
				GCC_NO_COMMON_BLOCKS = YES;
				GCC_WARN_64_TO_32_BIT_CONVERSION = YES;
				GCC_WARN_ABOUT_RETURN_TYPE = YES_ERROR;
				GCC_WARN_UNDECLARED_SELECTOR = YES;
				GCC_WARN_UNINITIALIZED_AUTOS = YES_AGGRESSIVE;
				GCC_WARN_UNUSED_FUNCTION = YES;
				GCC_WARN_UNUSED_VARIABLE = YES;
				IPHONEOS_DEPLOYMENT_TARGET = 16.2;
				MTL_ENABLE_DEBUG_INFO = NO;
				MTL_FAST_MATH = YES;
				SDKROOT = iphoneos;
				SWIFT_COMPILATION_MODE = wholemodule;
				SWIFT_OPTIMIZATION_LEVEL = "-O";
				VALIDATE_PRODUCT = YES;
			};
			name = Release;
		};
		9AA22792298AB9F0001A4984 /* Debug */ = {
			isa = XCBuildConfiguration;
			buildSettings = {
				ASSETCATALOG_COMPILER_APPICON_NAME = AppIcon;
				ASSETCATALOG_COMPILER_GLOBAL_ACCENT_COLOR_NAME = AccentColor;
				CODE_SIGN_STYLE = Automatic;
				CURRENT_PROJECT_VERSION = 1;
				DEVELOPMENT_ASSET_PATHS = "\"YourTrailAroundEarth/Preview Content\"";
				ENABLE_PREVIEWS = YES;
				GENERATE_INFOPLIST_FILE = YES;
				INFOPLIST_FILE = YourTrailAroundEarth/Info.plist;
				INFOPLIST_KEY_NSLocationWhenInUseUsageDescription = "NearMe app requires access your location";
				INFOPLIST_KEY_UIApplicationSceneManifest_Generation = YES;
				INFOPLIST_KEY_UIApplicationSupportsIndirectInputEvents = YES;
				INFOPLIST_KEY_UILaunchScreen_Generation = YES;
				INFOPLIST_KEY_UISupportedInterfaceOrientations_iPad = "UIInterfaceOrientationPortrait UIInterfaceOrientationPortraitUpsideDown UIInterfaceOrientationLandscapeLeft UIInterfaceOrientationLandscapeRight";
				INFOPLIST_KEY_UISupportedInterfaceOrientations_iPhone = "UIInterfaceOrientationPortrait UIInterfaceOrientationLandscapeLeft UIInterfaceOrientationLandscapeRight";
				LD_RUNPATH_SEARCH_PATHS = (
					"$(inherited)",
					"@executable_path/Frameworks",
				);
				MARKETING_VERSION = 1.0;
				PRODUCT_BUNDLE_IDENTIFIER = com.myorganization.YourTrailAroundEarth;
				PRODUCT_NAME = "$(TARGET_NAME)";
				SWIFT_EMIT_LOC_STRINGS = YES;
				SWIFT_VERSION = 5.0;
				TARGETED_DEVICE_FAMILY = "1,2";
			};
			name = Debug;
		};
		9AA22793298AB9F0001A4984 /* Release */ = {
			isa = XCBuildConfiguration;
			buildSettings = {
				ASSETCATALOG_COMPILER_APPICON_NAME = AppIcon;
				ASSETCATALOG_COMPILER_GLOBAL_ACCENT_COLOR_NAME = AccentColor;
				CODE_SIGN_STYLE = Automatic;
				CURRENT_PROJECT_VERSION = 1;
				DEVELOPMENT_ASSET_PATHS = "\"YourTrailAroundEarth/Preview Content\"";
				ENABLE_PREVIEWS = YES;
				GENERATE_INFOPLIST_FILE = YES;
				INFOPLIST_FILE = YourTrailAroundEarth/Info.plist;
				INFOPLIST_KEY_NSLocationWhenInUseUsageDescription = "NearMe app requires access your location";
				INFOPLIST_KEY_UIApplicationSceneManifest_Generation = YES;
				INFOPLIST_KEY_UIApplicationSupportsIndirectInputEvents = YES;
				INFOPLIST_KEY_UILaunchScreen_Generation = YES;
				INFOPLIST_KEY_UISupportedInterfaceOrientations_iPad = "UIInterfaceOrientationPortrait UIInterfaceOrientationPortraitUpsideDown UIInterfaceOrientationLandscapeLeft UIInterfaceOrientationLandscapeRight";
				INFOPLIST_KEY_UISupportedInterfaceOrientations_iPhone = "UIInterfaceOrientationPortrait UIInterfaceOrientationLandscapeLeft UIInterfaceOrientationLandscapeRight";
				LD_RUNPATH_SEARCH_PATHS = (
					"$(inherited)",
					"@executable_path/Frameworks",
				);
				MARKETING_VERSION = 1.0;
				PRODUCT_BUNDLE_IDENTIFIER = com.myorganization.YourTrailAroundEarth;
				PRODUCT_NAME = "$(TARGET_NAME)";
				SWIFT_EMIT_LOC_STRINGS = YES;
				SWIFT_VERSION = 5.0;
				TARGETED_DEVICE_FAMILY = "1,2";
			};
			name = Release;
		};
/* End XCBuildConfiguration section */

/* Begin XCConfigurationList section */
		9AA2277E298AB9EE001A4984 /* Build configuration list for PBXProject "YourTrailAroundEarth" */ = {
			isa = XCConfigurationList;
			buildConfigurations = (
				9AA2278F298AB9F0001A4984 /* Debug */,
				9AA22790298AB9F0001A4984 /* Release */,
			);
			defaultConfigurationIsVisible = 0;
			defaultConfigurationName = Release;
		};
		9AA22791298AB9F0001A4984 /* Build configuration list for PBXNativeTarget "YourTrailAroundEarth" */ = {
			isa = XCConfigurationList;
			buildConfigurations = (
				9AA22792298AB9F0001A4984 /* Debug */,
				9AA22793298AB9F0001A4984 /* Release */,
			);
			defaultConfigurationIsVisible = 0;
			defaultConfigurationName = Release;
		};
/* End XCConfigurationList section */

/* Begin XCVersionGroup section */
		9AA227C3298E9A6F001A4984 /* CountryModel.xcdatamodeld */ = {
			isa = XCVersionGroup;
			children = (
				9AA227C4298E9A6F001A4984 /* CountryModel.xcdatamodel */,
			);
			currentVersion = 9AA227C4298E9A6F001A4984 /* CountryModel.xcdatamodel */;
			path = CountryModel.xcdatamodeld;
			sourceTree = "<group>";
			versionGroupType = wrapper.xcdatamodel;
		};
/* End XCVersionGroup section */
	};
	rootObject = 9AA2277B298AB9EE001A4984 /* Project object */;
}
